
Microsoft Visual Studio Solution File, Format Version 12.00
# Visual Studio Version 17
VisualStudioVersion = 17.5.33502.453
MinimumVisualStudioVersion = 10.0.40219.1
Project("{FAE04EC0-301F-11D3-BF4B-00C04F79EFBC}") = "MSIT150Site", "MSIT150Site\MSIT150Site.csproj", "{D6C17AA9-D5B0-4C4C-8C49-745ABB729322}"
EndProject
Global
	GlobalSection(SolutionConfigurationPlatforms) = preSolution
		Debug|Any CPU = Debug|Any CPU
		Release|Any CPU = Release|Any CPU
	EndGlobalSection
	GlobalSection(ProjectConfigurationPlatforms) = postSolution
		{D6C17AA9-D5B0-4C4C-8C49-745ABB729322}.Debug|Any CPU.ActiveCfg = Debug|Any CPU
		{D6C17AA9-D5B0-4C4C-8C49-745ABB729322}.Debug|Any CPU.Build.0 = Debug|Any CPU
		{D6C17AA9-D5B0-4C4C-8C49-745ABB729322}.Release|Any CPU.ActiveCfg = Release|Any CPU
		{D6C17AA9-D5B0-4C4C-8C49-745ABB729322}.Release|Any CPU.Build.0 = Release|Any CPU
	EndGlobalSection
	GlobalSection(SolutionProperties) = preSolution
		HideSolutionNode = FALSE
	EndGlobalSection
	GlobalSection(ExtensibilityGlobals) = postSolution
		SolutionGuid = {608DFDCC-7470-451A-935B-2DA8C3FEDE81}
	EndGlobalSection
EndGlobal
